
Microsoft Visual Studio Solution File, Format Version 12.00
# Visual Studio Version 17
VisualStudioVersion = 17.13.35818.85 d17.13
MinimumVisualStudioVersion = 10.0.40219.1
Project("{54A90642-561A-4BB1-A94E-469ADEE60C69}") = "dobertsolutions.client", "dobertsolutions.client\dobertsolutions.client.esproj", "{D57262F7-7354-BFC0-4A44-D59AC12CF668}"
EndProject
Project("{FAE04EC0-301F-11D3-BF4B-00C04F79EFBC}") = "DobertSolutions.Server", "DobertSolutions.Server\DobertSolutions.Server.csproj", "{C9D14FF5-1ACD-4C9D-A834-2882BE11EF79}"
EndProject
Global
	GlobalSection(SolutionConfigurationPlatforms) = preSolution
		Debug|Any CPU = Debug|Any CPU
		Release|Any CPU = Release|Any CPU
	EndGlobalSection
	GlobalSection(ProjectConfigurationPlatforms) = postSolution
		{D57262F7-7354-BFC0-4A44-D59AC12CF668}.Debug|Any CPU.ActiveCfg = Debug|Any CPU
		{D57262F7-7354-BFC0-4A44-D59AC12CF668}.Debug|Any CPU.Build.0 = Debug|Any CPU
		{D57262F7-7354-BFC0-4A44-D59AC12CF668}.Debug|Any CPU.Deploy.0 = Debug|Any CPU
		{D57262F7-7354-BFC0-4A44-D59AC12CF668}.Release|Any CPU.ActiveCfg = Release|Any CPU
		{D57262F7-7354-BFC0-4A44-D59AC12CF668}.Release|Any CPU.Build.0 = Release|Any CPU
		{D57262F7-7354-BFC0-4A44-D59AC12CF668}.Release|Any CPU.Deploy.0 = Release|Any CPU
		{C9D14FF5-1ACD-4C9D-A834-2882BE11EF79}.Debug|Any CPU.ActiveCfg = Debug|Any CPU
		{C9D14FF5-1ACD-4C9D-A834-2882BE11EF79}.Debug|Any CPU.Build.0 = Debug|Any CPU
		{C9D14FF5-1ACD-4C9D-A834-2882BE11EF79}.Release|Any CPU.ActiveCfg = Release|Any CPU
		{C9D14FF5-1ACD-4C9D-A834-2882BE11EF79}.Release|Any CPU.Build.0 = Release|Any CPU
	EndGlobalSection
	GlobalSection(SolutionProperties) = preSolution
		HideSolutionNode = FALSE
	EndGlobalSection
	GlobalSection(ExtensibilityGlobals) = postSolution
		SolutionGuid = {DAB06B6D-E346-4512-AB28-049B02C0C675}
	EndGlobalSection
EndGlobal
